
Microsoft Visual Studio Solution File, Format Version 12.00
# Visual Studio 15
VisualStudioVersion = 15.0.27428.2015
MinimumVisualStudioVersion = 10.0.40219.1
Project("{2150E333-8FDC-42A3-9474-1A3956D46DE8}") = "Test", "Test", "{3F91FA55-8A72-4831-A80F-78D1BED19B14}"
EndProject
Project("{FAE04EC0-301F-11D3-BF4B-00C04F79EFBC}") = "Brewery.Server", "Brewery.Server\Brewery.Server.csproj", "{AE89256D-EA9B-4BBC-A992-3B7810EC3863}"
EndProject
Project("{FAE04EC0-301F-11D3-BF4B-00C04F79EFBC}") = "Brewery.Server.Core", "Brewery.Server.Core\Brewery.Server.Core.csproj", "{4C5F0724-E31B-47DF-AB97-27DA92670A0F}"
EndProject
Project("{FAE04EC0-301F-11D3-BF4B-00C04F79EFBC}") = "Brewery.Server.Logic", "Brewery.Server.Logic\Brewery.Server.Logic.csproj", "{2B639CD0-C186-415E-9EE9-6AAB0FEFEB28}"
EndProject
Project("{FAE04EC0-301F-11D3-BF4B-00C04F79EFBC}") = "Brewery.Server.Logic.RaspberryPi", "Brewery.Server.Logic.RaspberryPi\Brewery.Server.Logic.RaspberryPi.csproj", "{A82B975B-10DF-4318-B266-D6FDC364ABB6}"
EndProject
Project("{FAE04EC0-301F-11D3-BF4B-00C04F79EFBC}") = "Brewery.Server.Logic.RaspberryPiMock", "Brewery.Server.Logic.RaspberryPiMock\Brewery.Server.Logic.RaspberryPiMock.csproj", "{A6751033-FD2B-4C0F-8F0B-9A934B4064BE}"
EndProject
Project("{FAE04EC0-301F-11D3-BF4B-00C04F79EFBC}") = "Brewery.ServerMock", "Brewery.ServerMock\Brewery.ServerMock.csproj", "{FCBCF0C7-A4B2-4F0C-BB8F-DD162BEFBFA0}"
EndProject
Global
	GlobalSection(SolutionConfigurationPlatforms) = preSolution
		Debug|Any CPU = Debug|Any CPU
		Debug|ARM = Debug|ARM
		Debug|x64 = Debug|x64
		Debug|x86 = Debug|x86
		Release|Any CPU = Release|Any CPU
		Release|ARM = Release|ARM
		Release|x64 = Release|x64
		Release|x86 = Release|x86
	EndGlobalSection
	GlobalSection(ProjectConfigurationPlatforms) = postSolution
		{AE89256D-EA9B-4BBC-A992-3B7810EC3863}.Debug|Any CPU.ActiveCfg = Debug|x86
		{AE89256D-EA9B-4BBC-A992-3B7810EC3863}.Debug|ARM.ActiveCfg = Debug|ARM
		{AE89256D-EA9B-4BBC-A992-3B7810EC3863}.Debug|ARM.Build.0 = Debug|ARM
		{AE89256D-EA9B-4BBC-A992-3B7810EC3863}.Debug|ARM.Deploy.0 = Debug|ARM
		{AE89256D-EA9B-4BBC-A992-3B7810EC3863}.Debug|x64.ActiveCfg = Debug|x64
		{AE89256D-EA9B-4BBC-A992-3B7810EC3863}.Debug|x64.Build.0 = Debug|x64
		{AE89256D-EA9B-4BBC-A992-3B7810EC3863}.Debug|x64.Deploy.0 = Debug|x64
		{AE89256D-EA9B-4BBC-A992-3B7810EC3863}.Debug|x86.ActiveCfg = Debug|x86
		{AE89256D-EA9B-4BBC-A992-3B7810EC3863}.Debug|x86.Build.0 = Debug|x86
		{AE89256D-EA9B-4BBC-A992-3B7810EC3863}.Debug|x86.Deploy.0 = Debug|x86
		{AE89256D-EA9B-4BBC-A992-3B7810EC3863}.Release|Any CPU.ActiveCfg = Release|x86
		{AE89256D-EA9B-4BBC-A992-3B7810EC3863}.Release|ARM.ActiveCfg = Release|ARM
		{AE89256D-EA9B-4BBC-A992-3B7810EC3863}.Release|ARM.Build.0 = Release|ARM
		{AE89256D-EA9B-4BBC-A992-3B7810EC3863}.Release|ARM.Deploy.0 = Release|ARM
		{AE89256D-EA9B-4BBC-A992-3B7810EC3863}.Release|x64.ActiveCfg = Release|x64
		{AE89256D-EA9B-4BBC-A992-3B7810EC3863}.Release|x64.Build.0 = Release|x64
		{AE89256D-EA9B-4BBC-A992-3B7810EC3863}.Release|x64.Deploy.0 = Release|x64
		{AE89256D-EA9B-4BBC-A992-3B7810EC3863}.Release|x86.ActiveCfg = Release|x86
		{AE89256D-EA9B-4BBC-A992-3B7810EC3863}.Release|x86.Build.0 = Release|x86
		{AE89256D-EA9B-4BBC-A992-3B7810EC3863}.Release|x86.Deploy.0 = Release|x86
		{4C5F0724-E31B-47DF-AB97-27DA92670A0F}.Debug|Any CPU.ActiveCfg = Debug|Any CPU
		{4C5F0724-E31B-47DF-AB97-27DA92670A0F}.Debug|Any CPU.Build.0 = Debug|Any CPU
		{4C5F0724-E31B-47DF-AB97-27DA92670A0F}.Debug|ARM.ActiveCfg = Debug|ARM
		{4C5F0724-E31B-47DF-AB97-27DA92670A0F}.Debug|ARM.Build.0 = Debug|ARM
		{4C5F0724-E31B-47DF-AB97-27DA92670A0F}.Debug|x64.ActiveCfg = Debug|x64
		{4C5F0724-E31B-47DF-AB97-27DA92670A0F}.Debug|x64.Build.0 = Debug|x64
		{4C5F0724-E31B-47DF-AB97-27DA92670A0F}.Debug|x86.ActiveCfg = Debug|x86
		{4C5F0724-E31B-47DF-AB97-27DA92670A0F}.Debug|x86.Build.0 = Debug|x86
		{4C5F0724-E31B-47DF-AB97-27DA92670A0F}.Release|Any CPU.ActiveCfg = Release|Any CPU
		{4C5F0724-E31B-47DF-AB97-27DA92670A0F}.Release|Any CPU.Build.0 = Release|Any CPU
		{4C5F0724-E31B-47DF-AB97-27DA92670A0F}.Release|ARM.ActiveCfg = Release|ARM
		{4C5F0724-E31B-47DF-AB97-27DA92670A0F}.Release|ARM.Build.0 = Release|ARM
		{4C5F0724-E31B-47DF-AB97-27DA92670A0F}.Release|x64.ActiveCfg = Release|x64
		{4C5F0724-E31B-47DF-AB97-27DA92670A0F}.Release|x64.Build.0 = Release|x64
		{4C5F0724-E31B-47DF-AB97-27DA92670A0F}.Release|x86.ActiveCfg = Release|x86
		{4C5F0724-E31B-47DF-AB97-27DA92670A0F}.Release|x86.Build.0 = Release|x86
		{2B639CD0-C186-415E-9EE9-6AAB0FEFEB28}.Debug|Any CPU.ActiveCfg = Debug|Any CPU
		{2B639CD0-C186-415E-9EE9-6AAB0FEFEB28}.Debug|Any CPU.Build.0 = Debug|Any CPU
		{2B639CD0-C186-415E-9EE9-6AAB0FEFEB28}.Debug|ARM.ActiveCfg = Debug|ARM
		{2B639CD0-C186-415E-9EE9-6AAB0FEFEB28}.Debug|ARM.Build.0 = Debug|ARM
		{2B639CD0-C186-415E-9EE9-6AAB0FEFEB28}.Debug|x64.ActiveCfg = Debug|x64
		{2B639CD0-C186-415E-9EE9-6AAB0FEFEB28}.Debug|x64.Build.0 = Debug|x64
		{2B639CD0-C186-415E-9EE9-6AAB0FEFEB28}.Debug|x86.ActiveCfg = Debug|x86
		{2B639CD0-C186-415E-9EE9-6AAB0FEFEB28}.Debug|x86.Build.0 = Debug|x86
		{2B639CD0-C186-415E-9EE9-6AAB0FEFEB28}.Release|Any CPU.ActiveCfg = Release|Any CPU
		{2B639CD0-C186-415E-9EE9-6AAB0FEFEB28}.Release|Any CPU.Build.0 = Release|Any CPU
		{2B639CD0-C186-415E-9EE9-6AAB0FEFEB28}.Release|ARM.ActiveCfg = Release|ARM
		{2B639CD0-C186-415E-9EE9-6AAB0FEFEB28}.Release|ARM.Build.0 = Release|ARM
		{2B639CD0-C186-415E-9EE9-6AAB0FEFEB28}.Release|x64.ActiveCfg = Release|x64
		{2B639CD0-C186-415E-9EE9-6AAB0FEFEB28}.Release|x64.Build.0 = Release|x64
		{2B639CD0-C186-415E-9EE9-6AAB0FEFEB28}.Release|x86.ActiveCfg = Release|x86
		{2B639CD0-C186-415E-9EE9-6AAB0FEFEB28}.Release|x86.Build.0 = Release|x86
		{A82B975B-10DF-4318-B266-D6FDC364ABB6}.Debug|Any CPU.ActiveCfg = Debug|Any CPU
		{A82B975B-10DF-4318-B266-D6FDC364ABB6}.Debug|Any CPU.Build.0 = Debug|Any CPU
		{A82B975B-10DF-4318-B266-D6FDC364ABB6}.Debug|ARM.ActiveCfg = Debug|ARM
		{A82B975B-10DF-4318-B266-D6FDC364ABB6}.Debug|ARM.Build.0 = Debug|ARM
		{A82B975B-10DF-4318-B266-D6FDC364ABB6}.Debug|x64.ActiveCfg = Debug|x64
		{A82B975B-10DF-4318-B266-D6FDC364ABB6}.Debug|x64.Build.0 = Debug|x64
		{A82B975B-10DF-4318-B266-D6FDC364ABB6}.Debug|x86.ActiveCfg = Debug|x86
		{A82B975B-10DF-4318-B266-D6FDC364ABB6}.Debug|x86.Build.0 = Debug|x86
		{A82B975B-10DF-4318-B266-D6FDC364ABB6}.Release|Any CPU.ActiveCfg = Release|Any CPU
		{A82B975B-10DF-4318-B266-D6FDC364ABB6}.Release|Any CPU.Build.0 = Release|Any CPU
		{A82B975B-10DF-4318-B266-D6FDC364ABB6}.Release|ARM.ActiveCfg = Release|ARM
		{A82B975B-10DF-4318-B266-D6FDC364ABB6}.Release|ARM.Build.0 = Release|ARM
		{A82B975B-10DF-4318-B266-D6FDC364ABB6}.Release|x64.ActiveCfg = Release|x64
		{A82B975B-10DF-4318-B266-D6FDC364ABB6}.Release|x64.Build.0 = Release|x64
		{A82B975B-10DF-4318-B266-D6FDC364ABB6}.Release|x86.ActiveCfg = Release|x86
		{A82B975B-10DF-4318-B266-D6FDC364ABB6}.Release|x86.Build.0 = Release|x86
		{A6751033-FD2B-4C0F-8F0B-9A934B4064BE}.Debug|Any CPU.ActiveCfg = Debug|Any CPU
		{A6751033-FD2B-4C0F-8F0B-9A934B4064BE}.Debug|Any CPU.Build.0 = Debug|Any CPU
		{A6751033-FD2B-4C0F-8F0B-9A934B4064BE}.Debug|ARM.ActiveCfg = Debug|ARM
		{A6751033-FD2B-4C0F-8F0B-9A934B4064BE}.Debug|ARM.Build.0 = Debug|ARM
		{A6751033-FD2B-4C0F-8F0B-9A934B4064BE}.Debug|x64.ActiveCfg = Debug|x64
		{A6751033-FD2B-4C0F-8F0B-9A934B4064BE}.Debug|x64.Build.0 = Debug|x64
		{A6751033-FD2B-4C0F-8F0B-9A934B4064BE}.Debug|x86.ActiveCfg = Debug|x86
		{A6751033-FD2B-4C0F-8F0B-9A934B4064BE}.Debug|x86.Build.0 = Debug|x86
		{A6751033-FD2B-4C0F-8F0B-9A934B4064BE}.Release|Any CPU.ActiveCfg = Release|Any CPU
		{A6751033-FD2B-4C0F-8F0B-9A934B4064BE}.Release|Any CPU.Build.0 = Release|Any CPU
		{A6751033-FD2B-4C0F-8F0B-9A934B4064BE}.Release|ARM.ActiveCfg = Release|ARM
		{A6751033-FD2B-4C0F-8F0B-9A934B4064BE}.Release|ARM.Build.0 = Release|ARM
		{A6751033-FD2B-4C0F-8F0B-9A934B4064BE}.Release|x64.ActiveCfg = Release|x64
		{A6751033-FD2B-4C0F-8F0B-9A934B4064BE}.Release|x64.Build.0 = Release|x64
		{A6751033-FD2B-4C0F-8F0B-9A934B4064BE}.Release|x86.ActiveCfg = Release|x86
		{A6751033-FD2B-4C0F-8F0B-9A934B4064BE}.Release|x86.Build.0 = Release|x86
		{FCBCF0C7-A4B2-4F0C-BB8F-DD162BEFBFA0}.Debug|Any CPU.ActiveCfg = Debug|x86
		{FCBCF0C7-A4B2-4F0C-BB8F-DD162BEFBFA0}.Debug|ARM.ActiveCfg = Debug|ARM
		{FCBCF0C7-A4B2-4F0C-BB8F-DD162BEFBFA0}.Debug|ARM.Build.0 = Debug|ARM
		{FCBCF0C7-A4B2-4F0C-BB8F-DD162BEFBFA0}.Debug|ARM.Deploy.0 = Debug|ARM
		{FCBCF0C7-A4B2-4F0C-BB8F-DD162BEFBFA0}.Debug|x64.ActiveCfg = Debug|x64
		{FCBCF0C7-A4B2-4F0C-BB8F-DD162BEFBFA0}.Debug|x64.Build.0 = Debug|x64
		{FCBCF0C7-A4B2-4F0C-BB8F-DD162BEFBFA0}.Debug|x64.Deploy.0 = Debug|x64
		{FCBCF0C7-A4B2-4F0C-BB8F-DD162BEFBFA0}.Debug|x86.ActiveCfg = Debug|x86
		{FCBCF0C7-A4B2-4F0C-BB8F-DD162BEFBFA0}.Debug|x86.Build.0 = Debug|x86
		{FCBCF0C7-A4B2-4F0C-BB8F-DD162BEFBFA0}.Debug|x86.Deploy.0 = Debug|x86
		{FCBCF0C7-A4B2-4F0C-BB8F-DD162BEFBFA0}.Release|Any CPU.ActiveCfg = Release|x86
		{FCBCF0C7-A4B2-4F0C-BB8F-DD162BEFBFA0}.Release|ARM.ActiveCfg = Release|ARM
		{FCBCF0C7-A4B2-4F0C-BB8F-DD162BEFBFA0}.Release|ARM.Build.0 = Release|ARM
		{FCBCF0C7-A4B2-4F0C-BB8F-DD162BEFBFA0}.Release|ARM.Deploy.0 = Release|ARM
		{FCBCF0C7-A4B2-4F0C-BB8F-DD162BEFBFA0}.Release|x64.ActiveCfg = Release|x64
		{FCBCF0C7-A4B2-4F0C-BB8F-DD162BEFBFA0}.Release|x64.Build.0 = Release|x64
		{FCBCF0C7-A4B2-4F0C-BB8F-DD162BEFBFA0}.Release|x64.Deploy.0 = Release|x64
		{FCBCF0C7-A4B2-4F0C-BB8F-DD162BEFBFA0}.Release|x86.ActiveCfg = Release|x86
		{FCBCF0C7-A4B2-4F0C-BB8F-DD162BEFBFA0}.Release|x86.Build.0 = Release|x86
		{FCBCF0C7-A4B2-4F0C-BB8F-DD162BEFBFA0}.Release|x86.Deploy.0 = Release|x86
	EndGlobalSection
	GlobalSection(SolutionProperties) = preSolution
		HideSolutionNode = FALSE
	EndGlobalSection
	GlobalSection(NestedProjects) = preSolution
		{A6751033-FD2B-4C0F-8F0B-9A934B4064BE} = {3F91FA55-8A72-4831-A80F-78D1BED19B14}
		{FCBCF0C7-A4B2-4F0C-BB8F-DD162BEFBFA0} = {3F91FA55-8A72-4831-A80F-78D1BED19B14}
	EndGlobalSection
	GlobalSection(ExtensibilityGlobals) = postSolution
		SolutionGuid = {A1330913-7B97-4D27-84A9-9B2732B4E42D}
	EndGlobalSection
EndGlobal
