
Microsoft Visual Studio Solution File, Format Version 12.00
# Visual Studio 15
VisualStudioVersion = 15.0.27428.2015
MinimumVisualStudioVersion = 10.0.40219.1
Project("{FAE04EC0-301F-11D3-BF4B-00C04F79EFBC}") = "Brewery.Core", "Brewery.Core\Brewery.Core.csproj", "{723EC350-D3CD-4F59-A432-50CC3D162069}"
EndProject
Project("{FAE04EC0-301F-11D3-BF4B-00C04F79EFBC}") = "Brewery.UI.Logic", "Brewery.Logic\Brewery.UI.Logic.csproj", "{F8782999-60AA-4436-B898-3C4DEC440440}"
EndProject
Project("{FAE04EC0-301F-11D3-BF4B-00C04F79EFBC}") = "Brewery.ServiceAdapter", "Brewery.ServiceAdapter\Brewery.ServiceAdapter.csproj", "{E0B2EFB2-7E01-4CC2-8AED-2971DDF53281}"
EndProject
Project("{FAE04EC0-301F-11D3-BF4B-00C04F79EFBC}") = "Brewery", "Brewery\Brewery.csproj", "{C1D8E81F-1676-4D56-87E1-39D1285F1081}"
EndProject
Project("{2150E333-8FDC-42A3-9474-1A3956D46DE8}") = "Shared", "Shared", "{8FAC0DDC-9A14-48B1-84EB-5891548D40C4}"
EndProject
Project("{FAE04EC0-301F-11D3-BF4B-00C04F79EFBC}") = "Brewery.UI.Core", "Brewery.UI.Core\Brewery.UI.Core.csproj", "{CEB1B674-3C6D-4F27-A9ED-AF49C514BBD9}"
EndProject
Global
	GlobalSection(SolutionConfigurationPlatforms) = preSolution
		Debug|Any CPU = Debug|Any CPU
		Debug|ARM = Debug|ARM
		Debug|x64 = Debug|x64
		Debug|x86 = Debug|x86
		Release|Any CPU = Release|Any CPU
		Release|ARM = Release|ARM
		Release|x64 = Release|x64
		Release|x86 = Release|x86
	EndGlobalSection
	GlobalSection(ProjectConfigurationPlatforms) = postSolution
		{723EC350-D3CD-4F59-A432-50CC3D162069}.Debug|Any CPU.ActiveCfg = Debug|Any CPU
		{723EC350-D3CD-4F59-A432-50CC3D162069}.Debug|Any CPU.Build.0 = Debug|Any CPU
		{723EC350-D3CD-4F59-A432-50CC3D162069}.Debug|ARM.ActiveCfg = Debug|ARM
		{723EC350-D3CD-4F59-A432-50CC3D162069}.Debug|ARM.Build.0 = Debug|ARM
		{723EC350-D3CD-4F59-A432-50CC3D162069}.Debug|x64.ActiveCfg = Debug|x64
		{723EC350-D3CD-4F59-A432-50CC3D162069}.Debug|x64.Build.0 = Debug|x64
		{723EC350-D3CD-4F59-A432-50CC3D162069}.Debug|x86.ActiveCfg = Debug|x86
		{723EC350-D3CD-4F59-A432-50CC3D162069}.Debug|x86.Build.0 = Debug|x86
		{723EC350-D3CD-4F59-A432-50CC3D162069}.Release|Any CPU.ActiveCfg = Release|Any CPU
		{723EC350-D3CD-4F59-A432-50CC3D162069}.Release|Any CPU.Build.0 = Release|Any CPU
		{723EC350-D3CD-4F59-A432-50CC3D162069}.Release|ARM.ActiveCfg = Release|ARM
		{723EC350-D3CD-4F59-A432-50CC3D162069}.Release|ARM.Build.0 = Release|ARM
		{723EC350-D3CD-4F59-A432-50CC3D162069}.Release|x64.ActiveCfg = Release|x64
		{723EC350-D3CD-4F59-A432-50CC3D162069}.Release|x64.Build.0 = Release|x64
		{723EC350-D3CD-4F59-A432-50CC3D162069}.Release|x86.ActiveCfg = Release|x86
		{723EC350-D3CD-4F59-A432-50CC3D162069}.Release|x86.Build.0 = Release|x86
		{F8782999-60AA-4436-B898-3C4DEC440440}.Debug|Any CPU.ActiveCfg = Debug|Any CPU
		{F8782999-60AA-4436-B898-3C4DEC440440}.Debug|Any CPU.Build.0 = Debug|Any CPU
		{F8782999-60AA-4436-B898-3C4DEC440440}.Debug|ARM.ActiveCfg = Debug|ARM
		{F8782999-60AA-4436-B898-3C4DEC440440}.Debug|ARM.Build.0 = Debug|ARM
		{F8782999-60AA-4436-B898-3C4DEC440440}.Debug|x64.ActiveCfg = Debug|x64
		{F8782999-60AA-4436-B898-3C4DEC440440}.Debug|x64.Build.0 = Debug|x64
		{F8782999-60AA-4436-B898-3C4DEC440440}.Debug|x86.ActiveCfg = Debug|x86
		{F8782999-60AA-4436-B898-3C4DEC440440}.Debug|x86.Build.0 = Debug|x86
		{F8782999-60AA-4436-B898-3C4DEC440440}.Release|Any CPU.ActiveCfg = Release|Any CPU
		{F8782999-60AA-4436-B898-3C4DEC440440}.Release|Any CPU.Build.0 = Release|Any CPU
		{F8782999-60AA-4436-B898-3C4DEC440440}.Release|ARM.ActiveCfg = Release|ARM
		{F8782999-60AA-4436-B898-3C4DEC440440}.Release|ARM.Build.0 = Release|ARM
		{F8782999-60AA-4436-B898-3C4DEC440440}.Release|x64.ActiveCfg = Release|x64
		{F8782999-60AA-4436-B898-3C4DEC440440}.Release|x64.Build.0 = Release|x64
		{F8782999-60AA-4436-B898-3C4DEC440440}.Release|x86.ActiveCfg = Release|x86
		{F8782999-60AA-4436-B898-3C4DEC440440}.Release|x86.Build.0 = Release|x86
		{E0B2EFB2-7E01-4CC2-8AED-2971DDF53281}.Debug|Any CPU.ActiveCfg = Debug|Any CPU
		{E0B2EFB2-7E01-4CC2-8AED-2971DDF53281}.Debug|Any CPU.Build.0 = Debug|Any CPU
		{E0B2EFB2-7E01-4CC2-8AED-2971DDF53281}.Debug|ARM.ActiveCfg = Debug|ARM
		{E0B2EFB2-7E01-4CC2-8AED-2971DDF53281}.Debug|ARM.Build.0 = Debug|ARM
		{E0B2EFB2-7E01-4CC2-8AED-2971DDF53281}.Debug|x64.ActiveCfg = Debug|x64
		{E0B2EFB2-7E01-4CC2-8AED-2971DDF53281}.Debug|x64.Build.0 = Debug|x64
		{E0B2EFB2-7E01-4CC2-8AED-2971DDF53281}.Debug|x86.ActiveCfg = Debug|x86
		{E0B2EFB2-7E01-4CC2-8AED-2971DDF53281}.Debug|x86.Build.0 = Debug|x86
		{E0B2EFB2-7E01-4CC2-8AED-2971DDF53281}.Release|Any CPU.ActiveCfg = Release|Any CPU
		{E0B2EFB2-7E01-4CC2-8AED-2971DDF53281}.Release|Any CPU.Build.0 = Release|Any CPU
		{E0B2EFB2-7E01-4CC2-8AED-2971DDF53281}.Release|ARM.ActiveCfg = Release|ARM
		{E0B2EFB2-7E01-4CC2-8AED-2971DDF53281}.Release|ARM.Build.0 = Release|ARM
		{E0B2EFB2-7E01-4CC2-8AED-2971DDF53281}.Release|x64.ActiveCfg = Release|x64
		{E0B2EFB2-7E01-4CC2-8AED-2971DDF53281}.Release|x64.Build.0 = Release|x64
		{E0B2EFB2-7E01-4CC2-8AED-2971DDF53281}.Release|x86.ActiveCfg = Release|x86
		{E0B2EFB2-7E01-4CC2-8AED-2971DDF53281}.Release|x86.Build.0 = Release|x86
		{C1D8E81F-1676-4D56-87E1-39D1285F1081}.Debug|Any CPU.ActiveCfg = Debug|Any CPU
		{C1D8E81F-1676-4D56-87E1-39D1285F1081}.Debug|Any CPU.Build.0 = Debug|Any CPU
		{C1D8E81F-1676-4D56-87E1-39D1285F1081}.Debug|Any CPU.Deploy.0 = Debug|Any CPU
		{C1D8E81F-1676-4D56-87E1-39D1285F1081}.Debug|ARM.ActiveCfg = Debug|ARM
		{C1D8E81F-1676-4D56-87E1-39D1285F1081}.Debug|ARM.Build.0 = Debug|ARM
		{C1D8E81F-1676-4D56-87E1-39D1285F1081}.Debug|ARM.Deploy.0 = Debug|ARM
		{C1D8E81F-1676-4D56-87E1-39D1285F1081}.Debug|x64.ActiveCfg = Debug|x64
		{C1D8E81F-1676-4D56-87E1-39D1285F1081}.Debug|x64.Build.0 = Debug|x64
		{C1D8E81F-1676-4D56-87E1-39D1285F1081}.Debug|x64.Deploy.0 = Debug|x64
		{C1D8E81F-1676-4D56-87E1-39D1285F1081}.Debug|x86.ActiveCfg = Debug|x86
		{C1D8E81F-1676-4D56-87E1-39D1285F1081}.Debug|x86.Build.0 = Debug|x86
		{C1D8E81F-1676-4D56-87E1-39D1285F1081}.Debug|x86.Deploy.0 = Debug|x86
		{C1D8E81F-1676-4D56-87E1-39D1285F1081}.Release|Any CPU.ActiveCfg = Release|Any CPU
		{C1D8E81F-1676-4D56-87E1-39D1285F1081}.Release|Any CPU.Build.0 = Release|Any CPU
		{C1D8E81F-1676-4D56-87E1-39D1285F1081}.Release|Any CPU.Deploy.0 = Release|Any CPU
		{C1D8E81F-1676-4D56-87E1-39D1285F1081}.Release|ARM.ActiveCfg = Release|ARM
		{C1D8E81F-1676-4D56-87E1-39D1285F1081}.Release|ARM.Build.0 = Release|ARM
		{C1D8E81F-1676-4D56-87E1-39D1285F1081}.Release|ARM.Deploy.0 = Release|ARM
		{C1D8E81F-1676-4D56-87E1-39D1285F1081}.Release|x64.ActiveCfg = Release|x64
		{C1D8E81F-1676-4D56-87E1-39D1285F1081}.Release|x64.Build.0 = Release|x64
		{C1D8E81F-1676-4D56-87E1-39D1285F1081}.Release|x64.Deploy.0 = Release|x64
		{C1D8E81F-1676-4D56-87E1-39D1285F1081}.Release|x86.ActiveCfg = Release|x86
		{C1D8E81F-1676-4D56-87E1-39D1285F1081}.Release|x86.Build.0 = Release|x86
		{C1D8E81F-1676-4D56-87E1-39D1285F1081}.Release|x86.Deploy.0 = Release|x86
		{CEB1B674-3C6D-4F27-A9ED-AF49C514BBD9}.Debug|Any CPU.ActiveCfg = Debug|Any CPU
		{CEB1B674-3C6D-4F27-A9ED-AF49C514BBD9}.Debug|Any CPU.Build.0 = Debug|Any CPU
		{CEB1B674-3C6D-4F27-A9ED-AF49C514BBD9}.Debug|ARM.ActiveCfg = Debug|ARM
		{CEB1B674-3C6D-4F27-A9ED-AF49C514BBD9}.Debug|ARM.Build.0 = Debug|ARM
		{CEB1B674-3C6D-4F27-A9ED-AF49C514BBD9}.Debug|x64.ActiveCfg = Debug|x64
		{CEB1B674-3C6D-4F27-A9ED-AF49C514BBD9}.Debug|x64.Build.0 = Debug|x64
		{CEB1B674-3C6D-4F27-A9ED-AF49C514BBD9}.Debug|x86.ActiveCfg = Debug|x86
		{CEB1B674-3C6D-4F27-A9ED-AF49C514BBD9}.Debug|x86.Build.0 = Debug|x86
		{CEB1B674-3C6D-4F27-A9ED-AF49C514BBD9}.Release|Any CPU.ActiveCfg = Release|Any CPU
		{CEB1B674-3C6D-4F27-A9ED-AF49C514BBD9}.Release|Any CPU.Build.0 = Release|Any CPU
		{CEB1B674-3C6D-4F27-A9ED-AF49C514BBD9}.Release|ARM.ActiveCfg = Release|ARM
		{CEB1B674-3C6D-4F27-A9ED-AF49C514BBD9}.Release|ARM.Build.0 = Release|ARM
		{CEB1B674-3C6D-4F27-A9ED-AF49C514BBD9}.Release|x64.ActiveCfg = Release|x64
		{CEB1B674-3C6D-4F27-A9ED-AF49C514BBD9}.Release|x64.Build.0 = Release|x64
		{CEB1B674-3C6D-4F27-A9ED-AF49C514BBD9}.Release|x86.ActiveCfg = Release|x86
		{CEB1B674-3C6D-4F27-A9ED-AF49C514BBD9}.Release|x86.Build.0 = Release|x86
	EndGlobalSection
	GlobalSection(SolutionProperties) = preSolution
		HideSolutionNode = FALSE
	EndGlobalSection
	GlobalSection(NestedProjects) = preSolution
		{723EC350-D3CD-4F59-A432-50CC3D162069} = {8FAC0DDC-9A14-48B1-84EB-5891548D40C4}
		{E0B2EFB2-7E01-4CC2-8AED-2971DDF53281} = {8FAC0DDC-9A14-48B1-84EB-5891548D40C4}
	EndGlobalSection
	GlobalSection(ExtensibilityGlobals) = postSolution
		SolutionGuid = {BE429C01-F8F1-4868-82FA-2213099B79CA}
	EndGlobalSection
EndGlobal
